Microsoft Visual Studio Solution File, Format Version 12.00
# Visual Studio 2012
Project("{8BC9CEB8-8B4A-11D0-8D11-00A0C91BC942}") = "Example1", "Example1_VS2012.vcxproj", "{CCFC029A-AD2A-4922-BFB5-3966124B0AE9}"
EndProject
Global
	GlobalSection(SolutionConfigurationPlatforms) = preSolution
		Debug|Win32 = Debug|Win32
		Release|Win32 = Release|Win32
	EndGlobalSection
	GlobalSection(ProjectConfigurationPlatforms) = postSolution
		{CCFC029A-AD2A-4922-BFB5-3966124B0AE9}.Debug|Win32.ActiveCfg = Debug|Win32
		{CCFC029A-AD2A-4922-BFB5-3966124B0AE9}.Debug|Win32.Build.0 = Debug|Win32
		{CCFC029A-AD2A-4922-BFB5-3966124B0AE9}.Release|Win32.ActiveCfg = Release|Win32
		{CCFC029A-AD2A-4922-BFB5-3966124B0AE9}.Release|Win32.Build.0 = Release|Win32
	EndGlobalSection
	GlobalSection(SolutionProperties) = preSolution
		HideSolutionNode = FALSE
	EndGlobalSection
EndGlobal
